<?xml version="1.0" encoding="UTF-8" standalone="yes" ?>
<CodeBlocks_project_file>
	<FileVersion major="1" minor="6" />
	<Project>
		<Option title="Taller_1" />
		<Option pch_mode="2" />
		<Option compiler="gcc" />
		<Build>
			<Target title="Debug">
				<Option output="bin/Debug/Taller_1" prefix_auto="1" extension_auto="1" />
				<Option object_output="obj/Debug/" />
				<Option type="1" />
				<Option compiler="gcc" />
				<Compiler>
					<Add option="-g" />
				</Compiler>
			</Target>
			<Target title="Release">
				<Option output="bin/Release/Taller_1" prefix_auto="1" extension_auto="1" />
				<Option object_output="obj/Release/" />
				<Option type="1" />
				<Option compiler="gcc" />
				<Compiler>
					<Add option="-O2" />
				</Compiler>
				<Linker>
					<Add option="-s" />
				</Linker>
			</Target>
		</Build>
		<Compiler>
			<Add option="-Wall" />
			<Add option="-fexceptions" />
		</Compiler>
		<Unit filename="Arbol.h" />
		<Unit filename="Archivo.cpp" />
		<Unit filename="Archivo.h" />
		<Unit filename="Booleano.h" />
		<Unit filename="Expresion.cpp" />
		<Unit filename="Expresion.h" />
		<Unit filename="ListaExpresiones.cpp" />
		<Unit filename="ListaExpresiones.h" />
		<Unit filename="ListaString.cpp" />
		<Unit filename="ListaString.h" />
		<Unit filename="Programa.cpp" />
		<Unit filename="Programa.h" />
		<Unit filename="String.cpp" />
		<Unit filename="String.h" />
		<Unit filename="Termino.cpp" />
		<Unit filename="Termino.h" />
		<Unit filename="TipoError.cpp" />
		<Unit filename="TipoError.h" />
		<Unit filename="TipoTermino.cpp" />
		<Unit filename="TipoTermino.h" />
		<Unit filename="main.cpp" />
		<Extensions>
			<lib_finder disable_auto="1" />
		</Extensions>
	</Project>
</CodeBlocks_project_file>
